
Microsoft Visual Studio Solution File, Format Version 12.00
# Visual Studio 14
VisualStudioVersion = 14.0.25420.1
MinimumVisualStudioVersion = 10.0.40219.1
Project("{FAE04EC0-301F-11D3-BF4B-00C04F79EFBC}") = "AcrlSync", "AcrlSync\AcrlSync.csproj", "{DB991E9B-AD18-4C26-91E1-D321F4B16EAD}"
EndProject
Global
	GlobalSection(SolutionConfigurationPlatforms) = preSolution
		Debug|Any CPU = Debug|Any CPU
		Release|Any CPU = Release|Any CPU
	EndGlobalSection
	GlobalSection(ProjectConfigurationPlatforms) = postSolution
		{DB991E9B-AD18-4C26-91E1-D321F4B16EAD}.Debug|Any CPU.ActiveCfg = Debug|Any CPU
		{DB991E9B-AD18-4C26-91E1-D321F4B16EAD}.Debug|Any CPU.Build.0 = Debug|Any CPU
		{DB991E9B-AD18-4C26-91E1-D321F4B16EAD}.Release|Any CPU.ActiveCfg = Release|Any CPU
		{DB991E9B-AD18-4C26-91E1-D321F4B16EAD}.Release|Any CPU.Build.0 = Release|Any CPU
	EndGlobalSection
	GlobalSection(SolutionProperties) = preSolution
		HideSolutionNode = FALSE
	EndGlobalSection
EndGlobal
